{
  "name": "dwelluxe-landing",
  "version": "0.1.0",
  "lockfileVersion": 3,
  "requires": true,
  "packages": {
    "": {
      "name": "dwelluxe-landing",
      "version": "0.1.0",
      "devDependencies": {
        "react-scripts": "file:vendor/react-scripts-shim"
      }
    },
    "node_modules/react-scripts": {
      "resolved": "vendor/react-scripts-shim",
      "link": true
    },
    "vendor/react-scripts-shim": {
      "name": "react-scripts",
      "version": "0.0.0-dwelluxe-shim",
      "dev": true,
      "bin": {
        "react-scripts": "bin/react-scripts.js"
      }
    }
  }
}
